// !$*UTF8*$!
{
	archiveVersion = 1;
	classes = {
	};
	objectVersion = 46;
	objects = {

/* Begin PBXBuildFile section */
		C3A76F978391E61102781397 /* Pods_CompresJSONExample.framework in Frameworks */ = {isa = PBXBuildFile; fileRef = 8C041D8B3FE86FF23A8EAFFE /* Pods_CompresJSONExample.framework */; settings = {ATTRIBUTES = (Weak, ); }; };
		E40F4B511B04C7F9002718DF /* Customer.swift in Sources */ = {isa = PBXBuildFile; fileRef = E40F4B501B04C7F9002718DF /* Customer.swift */; };
		E4490FC11B036427009BBAF8 /* CardDesignItem.swift in Sources */ = {isa = PBXBuildFile; fileRef = E4490FC01B036427009BBAF8 /* CardDesignItem.swift */; };
		E486B6C11B037F7300A099A4 /* encryptor_compressor.txt in Resources */ = {isa = PBXBuildFile; fileRef = E486B6C01B037F7300A099A4 /* encryptor_compressor.txt */; };
		E4D67E431B034FB30069CE39 /* AppDelegate.swift in Sources */ = {isa = PBXBuildFile; fileRef = E4D67E421B034FB30069CE39 /* AppDelegate.swift */; };
		E4D67E451B034FB30069CE39 /* ViewController.swift in Sources */ = {isa = PBXBuildFile; fileRef = E4D67E441B034FB30069CE39 /* ViewController.swift */; };
		E4D67E481B034FB30069CE39 /* Main.storyboard in Resources */ = {isa = PBXBuildFile; fileRef = E4D67E461B034FB30069CE39 /* Main.storyboard */; };
		E4D67E4A1B034FB30069CE39 /* Images.xcassets in Resources */ = {isa = PBXBuildFile; fileRef = E4D67E491B034FB30069CE39 /* Images.xcassets */; };
		E4D67E4D1B034FB30069CE39 /* LaunchScreen.xib in Resources */ = {isa = PBXBuildFile; fileRef = E4D67E4B1B034FB30069CE39 /* LaunchScreen.xib */; };
		E4D67E591B034FB40069CE39 /* CompresJSONExampleTests.swift in Sources */ = {isa = PBXBuildFile; fileRef = E4D67E581B034FB40069CE39 /* CompresJSONExampleTests.swift */; };
/* End PBXBuildFile section */

/* Begin PBXContainerItemProxy section */
		E4D67E531B034FB40069CE39 /* PBXContainerItemProxy */ = {
			isa = PBXContainerItemProxy;
			containerPortal = E4D67E351B034FB30069CE39 /* Project object */;
			proxyType = 1;
			remoteGlobalIDString = E4D67E3C1B034FB30069CE39;
			remoteInfo = CompresJSONExample;
		};
/* End PBXContainerItemProxy section */

/* Begin PBXFileReference section */
		8C041D8B3FE86FF23A8EAFFE /* Pods_CompresJSONExample.framework */ = {isa = PBXFileReference; explicitFileType = wrapper.framework; includeInIndex = 0; path = Pods_CompresJSONExample.framework; sourceTree = BUILT_PRODUCTS_DIR; };
		9C97516CFE71B66E603F4CBE /* Pods-CompresJSONExample.release.xcconfig */ = {isa = PBXFileReference; includeInIndex = 1; lastKnownFileType = text.xcconfig; name = "Pods-CompresJSONExample.release.xcconfig"; path = "Pods/Target Support Files/Pods-CompresJSONExample/Pods-CompresJSONExample.release.xcconfig"; sourceTree = "<group>"; };
		E40F4B501B04C7F9002718DF /* Customer.swift */ = {isa = PBXFileReference; fileEncoding = 4; lastKnownFileType = sourcecode.swift; path = Customer.swift; sourceTree = "<group>"; };
		E4490FC01B036427009BBAF8 /* CardDesignItem.swift */ = {isa = PBXFileReference; fileEncoding = 4; lastKnownFileType = sourcecode.swift; path = CardDesignItem.swift; sourceTree = "<group>"; };
		E486B6C01B037F7300A099A4 /* encryptor_compressor.txt */ = {isa = PBXFileReference; fileEncoding = 4; lastKnownFileType = text; path = encryptor_compressor.txt; sourceTree = "<group>"; };
		E4D67E3D1B034FB30069CE39 /* CompresJSONExample.app */ = {isa = PBXFileReference; explicitFileType = wrapper.application; includeInIndex = 0; path = CompresJSONExample.app; sourceTree = BUILT_PRODUCTS_DIR; };
		E4D67E411B034FB30069CE39 /* Info.plist */ = {isa = PBXFileReference; lastKnownFileType = text.plist.xml; path = Info.plist; sourceTree = "<group>"; };
		E4D67E421B034FB30069CE39 /* AppDelegate.swift */ = {isa = PBXFileReference; lastKnownFileType = sourcecode.swift; path = AppDelegate.swift; sourceTree = "<group>"; };
		E4D67E441B034FB30069CE39 /* ViewController.swift */ = {isa = PBXFileReference; lastKnownFileType = sourcecode.swift; path = ViewController.swift; sourceTree = "<group>"; };
		E4D67E471B034FB30069CE39 /* Base */ = {isa = PBXFileReference; lastKnownFileType = file.storyboard; name = Base; path = Base.lproj/Main.storyboard; sourceTree = "<group>"; };
		E4D67E491B034FB30069CE39 /* Images.xcassets */ = {isa = PBXFileReference; lastKnownFileType = folder.assetcatalog; path = Images.xcassets; sourceTree = "<group>"; };
		E4D67E4C1B034FB30069CE39 /* Base */ = {isa = PBXFileReference; lastKnownFileType = file.xib; name = Base; path = Base.lproj/LaunchScreen.xib; sourceTree = "<group>"; };
		E4D67E521B034FB40069CE39 /* CompresJSONExampleTests.xctest */ = {isa = PBXFileReference; explicitFileType = wrapper.cfbundle; includeInIndex = 0; path = CompresJSONExampleTests.xctest; sourceTree = BUILT_PRODUCTS_DIR; };
		E4D67E571B034FB40069CE39 /* Info.plist */ = {isa = PBXFileReference; lastKnownFileType = text.plist.xml; path = Info.plist; sourceTree = "<group>"; };
		E4D67E581B034FB40069CE39 /* CompresJSONExampleTests.swift */ = {isa = PBXFileReference; lastKnownFileType = sourcecode.swift; path = CompresJSONExampleTests.swift; sourceTree = "<group>"; };
		FEEBB67FCA27158275B97377 /* Pods-CompresJSONExample.debug.xcconfig */ = {isa = PBXFileReference; includeInIndex = 1; lastKnownFileType = text.xcconfig; name = "Pods-CompresJSONExample.debug.xcconfig"; path = "Pods/Target Support Files/Pods-CompresJSONExample/Pods-CompresJSONExample.debug.xcconfig"; sourceTree = "<group>"; };
/* End PBXFileReference section */

/* Begin PBXFrameworksBuildPhase section */
		E4D67E3A1B034FB30069CE39 /* Frameworks */ = {
			isa = PBXFrameworksBuildPhase;
			buildActionMask = 2147483647;
			files = (
				C3A76F978391E61102781397 /* Pods_CompresJSONExample.framework in Frameworks */,
			);
			runOnlyForDeploymentPostprocessing = 0;
		};
		E4D67E4F1B034FB40069CE39 /* Frameworks */ = {
			isa = PBXFrameworksBuildPhase;
			buildActionMask = 2147483647;
			files = (
			);
			runOnlyForDeploymentPostprocessing = 0;
		};
/* End PBXFrameworksBuildPhase section */

/* Begin PBXGroup section */
		8AD65264F55407DE950D448C /* Pods */ = {
			isa = PBXGroup;
			children = (
				FEEBB67FCA27158275B97377 /* Pods-CompresJSONExample.debug.xcconfig */,
				9C97516CFE71B66E603F4CBE /* Pods-CompresJSONExample.release.xcconfig */,
			);
			name = Pods;
			sourceTree = "<group>";
		};
		B5C30BEF62D9F3BABA1FA2FC /* Frameworks */ = {
			isa = PBXGroup;
			children = (
				8C041D8B3FE86FF23A8EAFFE /* Pods_CompresJSONExample.framework */,
			);
			name = Frameworks;
			sourceTree = "<group>";
		};
		E4490FBD1B036401009BBAF8 /* Classes */ = {
			isa = PBXGroup;
			children = (
				E4490FBE1B03640E009BBAF8 /* Shared */,
			);
			name = Classes;
			sourceTree = "<group>";
		};
		E4490FBE1B03640E009BBAF8 /* Shared */ = {
			isa = PBXGroup;
			children = (
				E4490FBF1B036417009BBAF8 /* Models */,
			);
			name = Shared;
			sourceTree = "<group>";
		};
		E4490FBF1B036417009BBAF8 /* Models */ = {
			isa = PBXGroup;
			children = (
				E4490FC01B036427009BBAF8 /* CardDesignItem.swift */,
				E40F4B501B04C7F9002718DF /* Customer.swift */,
			);
			name = Models;
			sourceTree = "<group>";
		};
		E4D67E341B034FB30069CE39 = {
			isa = PBXGroup;
			children = (
				E4D67E3F1B034FB30069CE39 /* CompresJSONExample */,
				E4D67E551B034FB40069CE39 /* CompresJSONExampleTests */,
				E4D67E3E1B034FB30069CE39 /* Products */,
				8AD65264F55407DE950D448C /* Pods */,
				B5C30BEF62D9F3BABA1FA2FC /* Frameworks */,
			);
			sourceTree = "<group>";
		};
		E4D67E3E1B034FB30069CE39 /* Products */ = {
			isa = PBXGroup;
			children = (
				E4D67E3D1B034FB30069CE39 /* CompresJSONExample.app */,
				E4D67E521B034FB40069CE39 /* CompresJSONExampleTests.xctest */,
			);
			name = Products;
			sourceTree = "<group>";
		};
		E4D67E3F1B034FB30069CE39 /* CompresJSONExample */ = {
			isa = PBXGroup;
			children = (
				E4490FBD1B036401009BBAF8 /* Classes */,
				E4D67E421B034FB30069CE39 /* AppDelegate.swift */,
				E4D67E441B034FB30069CE39 /* ViewController.swift */,
				E4D67E461B034FB30069CE39 /* Main.storyboard */,
				E4D67E491B034FB30069CE39 /* Images.xcassets */,
				E4D67E4B1B034FB30069CE39 /* LaunchScreen.xib */,
				E4D67E401B034FB30069CE39 /* Supporting Files */,
			);
			path = CompresJSONExample;
			sourceTree = "<group>";
		};
		E4D67E401B034FB30069CE39 /* Supporting Files */ = {
			isa = PBXGroup;
			children = (
				E486B6C01B037F7300A099A4 /* encryptor_compressor.txt */,
				E4D67E411B034FB30069CE39 /* Info.plist */,
			);
			name = "Supporting Files";
			sourceTree = "<group>";
		};
		E4D67E551B034FB40069CE39 /* CompresJSONExampleTests */ = {
			isa = PBXGroup;
			children = (
				E4D67E581B034FB40069CE39 /* CompresJSONExampleTests.swift */,
				E4D67E561B034FB40069CE39 /* Supporting Files */,
			);
			path = CompresJSONExampleTests;
			sourceTree = "<group>";
		};
		E4D67E561B034FB40069CE39 /* Supporting Files */ = {
			isa = PBXGroup;
			children = (
				E4D67E571B034FB40069CE39 /* Info.plist */,
			);
			name = "Supporting Files";
			sourceTree = "<group>";
		};
/* End PBXGroup section */

/* Begin PBXNativeTarget section */
		E4D67E3C1B034FB30069CE39 /* CompresJSONExample */ = {
			isa = PBXNativeTarget;
			buildConfigurationList = E4D67E5C1B034FB40069CE39 /* Build configuration list for PBXNativeTarget "CompresJSONExample" */;
			buildPhases = (
				4AE896D2BC9C3CFD9A161DEB /* Check Pods Manifest.lock */,
				E4D67E391B034FB30069CE39 /* Sources */,
				E4D67E3A1B034FB30069CE39 /* Frameworks */,
				E4D67E3B1B034FB30069CE39 /* Resources */,
				4A5800CDA9C3B47FB622D6CD /* Embed Pods Frameworks */,
				87472D9ACDF56884007178A9 /* Copy Pods Resources */,
			);
			buildRules = (
			);
			dependencies = (
			);
			name = CompresJSONExample;
			productName = CompresJSONExample;
			productReference = E4D67E3D1B034FB30069CE39 /* CompresJSONExample.app */;
			productType = "com.apple.product-type.application";
		};
		E4D67E511B034FB40069CE39 /* CompresJSONExampleTests */ = {
			isa = PBXNativeTarget;
			buildConfigurationList = E4D67E5F1B034FB40069CE39 /* Build configuration list for PBXNativeTarget "CompresJSONExampleTests" */;
			buildPhases = (
				E4D67E4E1B034FB40069CE39 /* Sources */,
				E4D67E4F1B034FB40069CE39 /* Frameworks */,
				E4D67E501B034FB40069CE39 /* Resources */,
			);
			buildRules = (
			);
			dependencies = (
				E4D67E541B034FB40069CE39 /* PBXTargetDependency */,
			);
			name = CompresJSONExampleTests;
			productName = CompresJSONExampleTests;
			productReference = E4D67E521B034FB40069CE39 /* CompresJSONExampleTests.xctest */;
			productType = "com.apple.product-type.bundle.unit-test";
		};
/* End PBXNativeTarget section */

/* Begin PBXProject section */
		E4D67E351B034FB30069CE39 /* Project object */ = {
			isa = PBXProject;
			attributes = {
				LastUpgradeCheck = 0630;
				ORGANIZATIONNAME = "Alex Bechmann";
				TargetAttributes = {
					E4D67E3C1B034FB30069CE39 = {
						CreatedOnToolsVersion = 6.3;
					};
					E4D67E511B034FB40069CE39 = {
						CreatedOnToolsVersion = 6.3;
						TestTargetID = E4D67E3C1B034FB30069CE39;
					};
				};
			};
			buildConfigurationList = E4D67E381B034FB30069CE39 /* Build configuration list for PBXProject "CompresJSONExample" */;
			compatibilityVersion = "Xcode 3.2";
			developmentRegion = English;
			hasScannedForEncodings = 0;
			knownRegions = (
				en,
				Base,
			);
			mainGroup = E4D67E341B034FB30069CE39;
			productRefGroup = E4D67E3E1B034FB30069CE39 /* Products */;
			projectDirPath = "";
			projectRoot = "";
			targets = (
				E4D67E3C1B034FB30069CE39 /* CompresJSONExample */,
				E4D67E511B034FB40069CE39 /* CompresJSONExampleTests */,
			);
		};
/* End PBXProject section */

/* Begin PBXResourcesBuildPhase section */
		E4D67E3B1B034FB30069CE39 /* Resources */ = {
			isa = PBXResourcesBuildPhase;
			buildActionMask = 2147483647;
			files = (
				E486B6C11B037F7300A099A4 /* encryptor_compressor.txt in Resources */,
				E4D67E481B034FB30069CE39 /* Main.storyboard in Resources */,
				E4D67E4D1B034FB30069CE39 /* LaunchScreen.xib in Resources */,
				E4D67E4A1B034FB30069CE39 /* Images.xcassets in Resources */,
			);
			runOnlyForDeploymentPostprocessing = 0;
		};
		E4D67E501B034FB40069CE39 /* Resources */ = {
			isa = PBXResourcesBuildPhase;
			buildActionMask = 2147483647;
			files = (
			);
			runOnlyForDeploymentPostprocessing = 0;
		};
/* End PBXResourcesBuildPhase section */

/* Begin PBXShellScriptBuildPhase section */
		4A5800CDA9C3B47FB622D6CD /* Embed Pods Frameworks */ = {
			isa = PBXShellScriptBuildPhase;
			buildActionMask = 2147483647;
			files = (
			);
			inputPaths = (
			);
			name = "Embed Pods Frameworks";
			outputPaths = (
			);
			runOnlyForDeploymentPostprocessing = 0;
			shellPath = /bin/sh;
			shellScript = "\"${SRCROOT}/Pods/Target Support Files/Pods-CompresJSONExample/Pods-CompresJSONExample-frameworks.sh\"\n";
			showEnvVarsInLog = 0;
		};
		4AE896D2BC9C3CFD9A161DEB /* Check Pods Manifest.lock */ = {
			isa = PBXShellScriptBuildPhase;
			buildActionMask = 2147483647;
			files = (
			);
			inputPaths = (
			);
			name = "Check Pods Manifest.lock";
			outputPaths = (
			);
			runOnlyForDeploymentPostprocessing = 0;
			shellPath = /bin/sh;
			shellScript = "diff \"${PODS_ROOT}/../Podfile.lock\" \"${PODS_ROOT}/Manifest.lock\" > /dev/null\nif [[ $? != 0 ]] ; then\n    cat << EOM\nerror: The sandbox is not in sync with the Podfile.lock. Run 'pod install' or update your CocoaPods installation.\nEOM\n    exit 1\nfi\n";
			showEnvVarsInLog = 0;
		};
		87472D9ACDF56884007178A9 /* Copy Pods Resources */ = {
			isa = PBXShellScriptBuildPhase;
			buildActionMask = 2147483647;
			files = (
			);
			inputPaths = (
			);
			name = "Copy Pods Resources";
			outputPaths = (
			);
			runOnlyForDeploymentPostprocessing = 0;
			shellPath = /bin/sh;
			shellScript = "\"${SRCROOT}/Pods/Target Support Files/Pods-CompresJSONExample/Pods-CompresJSONExample-resources.sh\"\n";
			showEnvVarsInLog = 0;
		};
/* End PBXShellScriptBuildPhase section */

/* Begin PBXSourcesBuildPhase section */
		E4D67E391B034FB30069CE39 /* Sources */ = {
			isa = PBXSourcesBuildPhase;
			buildActionMask = 2147483647;
			files = (
				E4490FC11B036427009BBAF8 /* CardDesignItem.swift in Sources */,
				E4D67E451B034FB30069CE39 /* ViewController.swift in Sources */,
				E4D67E431B034FB30069CE39 /* AppDelegate.swift in Sources */,
				E40F4B511B04C7F9002718DF /* Customer.swift in Sources */,
			);
			runOnlyForDeploymentPostprocessing = 0;
		};
		E4D67E4E1B034FB40069CE39 /* Sources */ = {
			isa = PBXSourcesBuildPhase;
			buildActionMask = 2147483647;
			files = (
				E4D67E591B034FB40069CE39 /* CompresJSONExampleTests.swift in Sources */,
			);
			runOnlyForDeploymentPostprocessing = 0;
		};
/* End PBXSourcesBuildPhase section */

/* Begin PBXTargetDependency section */
		E4D67E541B034FB40069CE39 /* PBXTargetDependency */ = {
			isa = PBXTargetDependency;
			target = E4D67E3C1B034FB30069CE39 /* CompresJSONExample */;
			targetProxy = E4D67E531B034FB40069CE39 /* PBXContainerItemProxy */;
		};
/* End PBXTargetDependency section */

/* Begin PBXVariantGroup section */
		E4D67E461B034FB30069CE39 /* Main.storyboard */ = {
			isa = PBXVariantGroup;
			children = (
				E4D67E471B034FB30069CE39 /* Base */,
			);
			name = Main.storyboard;
			sourceTree = "<group>";
		};
		E4D67E4B1B034FB30069CE39 /* LaunchScreen.xib */ = {
			isa = PBXVariantGroup;
			children = (
				E4D67E4C1B034FB30069CE39 /* Base */,
			);
			name = LaunchScreen.xib;
			sourceTree = "<group>";
		};
/* End PBXVariantGroup section */

/* Begin XCBuildConfiguration section */
		E4D67E5A1B034FB40069CE39 /* Debug */ = {
			isa = XCBuildConfiguration;
			buildSettings = {
				ALWAYS_SEARCH_USER_PATHS = NO;
				CLANG_CXX_LANGUAGE_STANDARD = "gnu++0x";
				CLANG_CXX_LIBRARY = "libc++";
				CLANG_ENABLE_MODULES = YES;
				CLANG_ENABLE_OBJC_ARC = YES;
				CLANG_WARN_BOOL_CONVERSION = YES;
				CLANG_WARN_CONSTANT_CONVERSION = YES;
				CLANG_WARN_DIRECT_OBJC_ISA_USAGE = YES_ERROR;
				CLANG_WARN_EMPTY_BODY = YES;
				CLANG_WARN_ENUM_CONVERSION = YES;
				CLANG_WARN_INT_CONVERSION = YES;
				CLANG_WARN_OBJC_ROOT_CLASS = YES_ERROR;
				CLANG_WARN_UNREACHABLE_CODE = YES;
				CLANG_WARN__DUPLICATE_METHOD_MATCH = YES;
				"CODE_SIGN_IDENTITY[sdk=iphoneos*]" = "iPhone Developer";
				COPY_PHASE_STRIP = NO;
				DEBUG_INFORMATION_FORMAT = "dwarf-with-dsym";
				ENABLE_STRICT_OBJC_MSGSEND = YES;
				GCC_C_LANGUAGE_STANDARD = gnu99;
				GCC_DYNAMIC_NO_PIC = NO;
				GCC_NO_COMMON_BLOCKS = YES;
				GCC_OPTIMIZATION_LEVEL = 0;
				GCC_PREPROCESSOR_DEFINITIONS = (
					"DEBUG=1",
					"$(inherited)",
				);
				GCC_SYMBOLS_PRIVATE_EXTERN = NO;
				GCC_WARN_64_TO_32_BIT_CONVERSION = YES;
				GCC_WARN_ABOUT_RETURN_TYPE = YES_ERROR;
				GCC_WARN_UNDECLARED_SELECTOR = YES;
				GCC_WARN_UNINITIALIZED_AUTOS = YES_AGGRESSIVE;
				GCC_WARN_UNUSED_FUNCTION = YES;
				GCC_WARN_UNUSED_VARIABLE = YES;
				IPHONEOS_DEPLOYMENT_TARGET = 8.3;
				MTL_ENABLE_DEBUG_INFO = YES;
				ONLY_ACTIVE_ARCH = YES;
				SDKROOT = iphoneos;
				SWIFT_OPTIMIZATION_LEVEL = "-Onone";
				TARGETED_DEVICE_FAMILY = "1,2";
			};
			name = Debug;
		};
		E4D67E5B1B034FB40069CE39 /* Release */ = {
			isa = XCBuildConfiguration;
			buildSettings = {
				ALWAYS_SEARCH_USER_PATHS = NO;
				CLANG_CXX_LANGUAGE_STANDARD = "gnu++0x";
				CLANG_CXX_LIBRARY = "libc++";
				CLANG_ENABLE_MODULES = YES;
				CLANG_ENABLE_OBJC_ARC = YES;
				CLANG_WARN_BOOL_CONVERSION = YES;
				CLANG_WARN_CONSTANT_CONVERSION = YES;
				CLANG_WARN_DIRECT_OBJC_ISA_USAGE = YES_ERROR;
				CLANG_WARN_EMPTY_BODY = YES;
				CLANG_WARN_ENUM_CONVERSION = YES;
				CLANG_WARN_INT_CONVERSION = YES;
				CLANG_WARN_OBJC_ROOT_CLASS = YES_ERROR;
				CLANG_WARN_UNREACHABLE_CODE = YES;
				CLANG_WARN__DUPLICATE_METHOD_MATCH = YES;
				"CODE_SIGN_IDENTITY[sdk=iphoneos*]" = "iPhone Developer";
				COPY_PHASE_STRIP = NO;
				DEBUG_INFORMATION_FORMAT = "dwarf-with-dsym";
				ENABLE_NS_ASSERTIONS = NO;
				ENABLE_STRICT_OBJC_MSGSEND = YES;
				GCC_C_LANGUAGE_STANDARD = gnu99;
				GCC_NO_COMMON_BLOCKS = YES;
				GCC_WARN_64_TO_32_BIT_CONVERSION = YES;
				GCC_WARN_ABOUT_RETURN_TYPE = YES_ERROR;
				GCC_WARN_UNDECLARED_SELECTOR = YES;
				GCC_WARN_UNINITIALIZED_AUTOS = YES_AGGRESSIVE;
				GCC_WARN_UNUSED_FUNCTION = YES;
				GCC_WARN_UNUSED_VARIABLE = YES;
				IPHONEOS_DEPLOYMENT_TARGET = 8.3;
				MTL_ENABLE_DEBUG_INFO = NO;
				SDKROOT = iphoneos;
				TARGETED_DEVICE_FAMILY = "1,2";
				VALIDATE_PRODUCT = YES;
			};
			name = Release;
		};
		E4D67E5D1B034FB40069CE39 /* Debug */ = {
			isa = XCBuildConfiguration;
			baseConfigurationReference = FEEBB67FCA27158275B97377 /* Pods-CompresJSONExample.debug.xcconfig */;
			buildSettings = {
				ASSETCATALOG_COMPILER_APPICON_NAME = AppIcon;
				INFOPLIST_FILE = CompresJSONExample/Info.plist;
				LD_RUNPATH_SEARCH_PATHS = "$(inherited) @executable_path/Frameworks";
				PRODUCT_NAME = "$(TARGET_NAME)";
			};
			name = Debug;
		};
		E4D67E5E1B034FB40069CE39 /* Release */ = {
			isa = XCBuildConfiguration;
			baseConfigurationReference = 9C97516CFE71B66E603F4CBE /* Pods-CompresJSONExample.release.xcconfig */;
			buildSettings = {
				ASSETCATALOG_COMPILER_APPICON_NAME = AppIcon;
				INFOPLIST_FILE = CompresJSONExample/Info.plist;
				LD_RUNPATH_SEARCH_PATHS = "$(inherited) @executable_path/Frameworks";
				PRODUCT_NAME = "$(TARGET_NAME)";
			};
			name = Release;
		};
		E4D67E601B034FB40069CE39 /* Debug */ = {
			isa = XCBuildConfiguration;
			buildSettings = {
				BUNDLE_LOADER = "$(TEST_HOST)";
				FRAMEWORK_SEARCH_PATHS = (
					"$(SDKROOT)/Developer/Library/Frameworks",
					"$(inherited)",
				);
				GCC_PREPROCESSOR_DEFINITIONS = (
					"DEBUG=1",
					"$(inherited)",
				);
				INFOPLIST_FILE = CompresJSONExampleTests/Info.plist;
				LD_RUNPATH_SEARCH_PATHS = "$(inherited) @executable_path/Frameworks @loader_path/Frameworks";
				PRODUCT_NAME = "$(TARGET_NAME)";
				TEST_HOST = "$(BUILT_PRODUCTS_DIR)/CompresJSONExample.app/CompresJSONExample";
			};
			name = Debug;
		};
		E4D67E611B034FB40069CE39 /* Release */ = {
			isa = XCBuildConfiguration;
			buildSettings = {
				BUNDLE_LOADER = "$(TEST_HOST)";
				FRAMEWORK_SEARCH_PATHS = (
					"$(SDKROOT)/Developer/Library/Frameworks",
					"$(inherited)",
				);
				INFOPLIST_FILE = CompresJSONExampleTests/Info.plist;
				LD_RUNPATH_SEARCH_PATHS = "$(inherited) @executable_path/Frameworks @loader_path/Frameworks";
				PRODUCT_NAME = "$(TARGET_NAME)";
				TEST_HOST = "$(BUILT_PRODUCTS_DIR)/CompresJSONExample.app/CompresJSONExample";
			};
			name = Release;
		};
/* End XCBuildConfiguration section */

/* Begin XCConfigurationList section */
		E4D67E381B034FB30069CE39 /* Build configuration list for PBXProject "CompresJSONExample" */ = {
			isa = XCConfigurationList;
			buildConfigurations = (
				E4D67E5A1B034FB40069CE39 /* Debug */,
				E4D67E5B1B034FB40069CE39 /* Release */,
			);
			defaultConfigurationIsVisible = 0;
			defaultConfigurationName = Release;
		};
		E4D67E5C1B034FB40069CE39 /* Build configuration list for PBXNativeTarget "CompresJSONExample" */ = {
			isa = XCConfigurationList;
			buildConfigurations = (
				E4D67E5D1B034FB40069CE39 /* Debug */,
				E4D67E5E1B034FB40069CE39 /* Release */,
			);
			defaultConfigurationIsVisible = 0;
			defaultConfigurationName = Release;
		};
		E4D67E5F1B034FB40069CE39 /* Build configuration list for PBXNativeTarget "CompresJSONExampleTests" */ = {
			isa = XCConfigurationList;
			buildConfigurations = (
				E4D67E601B034FB40069CE39 /* Debug */,
				E4D67E611B034FB40069CE39 /* Release */,
			);
			defaultConfigurationIsVisible = 0;
			defaultConfigurationName = Release;
		};
/* End XCConfigurationList section */
	};
	rootObject = E4D67E351B034FB30069CE39 /* Project object */;
}
